{
  "name": "business-manager-pro",
  "version": "1.0.0",
  "lockfileVersion": 3,
  "requires": true,
  "packages": {
    "": {
      "name": "business-manager-pro",
      "version": "1.0.0",
      "dependencies": {
        "@supabase/supabase-js": "^2.45.0",
        "@supabase/ssr": "^0.5.0",
        "next": "^14.2.0",
        "react": "^18.3.0",
        "react-dom": "^18.3.0",
        "stripe": "^16.12.0"
      },
      "devDependencies": {
        "@types/node": "^22.0.0",
        "@types/react": "^18.3.0",
        "@types/react-dom": "^18.3.0",
        "eslint": "^8.57.0",
        "eslint-config-next": "^14.2.0",
        "typescript": "^5.6.0"
      }
    }
  }
}
